// !$*UTF8*$!
{
	archiveVersion = 1;
	classes = {
	};
	objectVersion = 46;
	objects = {

/* Begin PBXBuildFile section */
		3F7B8F721DDF60DB00E02F34 /* AppDelegate.swift in Sources */ = {isa = PBXBuildFile; fileRef = 3F7B8F711DDF60DB00E02F34 /* AppDelegate.swift */; };
		3F7B8F741DDF60DB00E02F34 /* ViewController.swift in Sources */ = {isa = PBXBuildFile; fileRef = 3F7B8F731DDF60DB00E02F34 /* ViewController.swift */; };
		3F7B8F771DDF60DB00E02F34 /* Main.storyboard in Resources */ = {isa = PBXBuildFile; fileRef = 3F7B8F751DDF60DB00E02F34 /* Main.storyboard */; };
		3F7B8F791DDF60DB00E02F34 /* Assets.xcassets in Resources */ = {isa = PBXBuildFile; fileRef = 3F7B8F781DDF60DB00E02F34 /* Assets.xcassets */; };
		3F7B8F7C1DDF60DB00E02F34 /* LaunchScreen.storyboard in Resources */ = {isa = PBXBuildFile; fileRef = 3F7B8F7A1DDF60DB00E02F34 /* LaunchScreen.storyboard */; };
		3F7B8F871DDF60DB00E02F34 /* ticTacToeTests.swift in Sources */ = {isa = PBXBuildFile; fileRef = 3F7B8F861DDF60DB00E02F34 /* ticTacToeTests.swift */; };
		3F7B8F921DDF60DB00E02F34 /* ticTacToeUITests.swift in Sources */ = {isa = PBXBuildFile; fileRef = 3F7B8F911DDF60DB00E02F34 /* ticTacToeUITests.swift */; };
		3F7B8FA01DDF645F00E02F34 /* GridLabel.swift in Sources */ = {isa = PBXBuildFile; fileRef = 3F7B8F9F1DDF645F00E02F34 /* GridLabel.swift */; };
/* End PBXBuildFile section */

/* Begin PBXContainerItemProxy section */
		3F7B8F831DDF60DB00E02F34 /* PBXContainerItemProxy */ = {
			isa = PBXContainerItemProxy;
			containerPortal = 3F7B8F661DDF60DB00E02F34 /* Project object */;
			proxyType = 1;
			remoteGlobalIDString = 3F7B8F6D1DDF60DB00E02F34;
			remoteInfo = ticTacToe;
		};
		3F7B8F8E1DDF60DB00E02F34 /* PBXContainerItemProxy */ = {
			isa = PBXContainerItemProxy;
			containerPortal = 3F7B8F661DDF60DB00E02F34 /* Project object */;
			proxyType = 1;
			remoteGlobalIDString = 3F7B8F6D1DDF60DB00E02F34;
			remoteInfo = ticTacToe;
		};
/* End PBXContainerItemProxy section */

/* Begin PBXFileReference section */
		3F7B8F6E1DDF60DB00E02F34 /* ticTacToe.app */ = {isa = PBXFileReference; explicitFileType = wrapper.application; includeInIndex = 0; path = ticTacToe.app; sourceTree = BUILT_PRODUCTS_DIR; };
		3F7B8F711DDF60DB00E02F34 /* AppDelegate.swift */ = {isa = PBXFileReference; lastKnownFileType = sourcecode.swift; path = AppDelegate.swift; sourceTree = "<group>"; };
		3F7B8F731DDF60DB00E02F34 /* ViewController.swift */ = {isa = PBXFileReference; lastKnownFileType = sourcecode.swift; path = ViewController.swift; sourceTree = "<group>"; };
		3F7B8F761DDF60DB00E02F34 /* Base */ = {isa = PBXFileReference; lastKnownFileType = file.storyboard; name = Base; path = Base.lproj/Main.storyboard; sourceTree = "<group>"; };
		3F7B8F781DDF60DB00E02F34 /* Assets.xcassets */ = {isa = PBXFileReference; lastKnownFileType = folder.assetcatalog; path = Assets.xcassets; sourceTree = "<group>"; };
		3F7B8F7B1DDF60DB00E02F34 /* Base */ = {isa = PBXFileReference; lastKnownFileType = file.storyboard; name = Base; path = Base.lproj/LaunchScreen.storyboard; sourceTree = "<group>"; };
		3F7B8F7D1DDF60DB00E02F34 /* Info.plist */ = {isa = PBXFileReference; lastKnownFileType = text.plist.xml; path = Info.plist; sourceTree = "<group>"; };
		3F7B8F821DDF60DB00E02F34 /* ticTacToeTests.xctest */ = {isa = PBXFileReference; explicitFileType = wrapper.cfbundle; includeInIndex = 0; path = ticTacToeTests.xctest; sourceTree = BUILT_PRODUCTS_DIR; };
		3F7B8F861DDF60DB00E02F34 /* ticTacToeTests.swift */ = {isa = PBXFileReference; lastKnownFileType = sourcecode.swift; path = ticTacToeTests.swift; sourceTree = "<group>"; };
		3F7B8F881DDF60DB00E02F34 /* Info.plist */ = {isa = PBXFileReference; lastKnownFileType = text.plist.xml; path = Info.plist; sourceTree = "<group>"; };
		3F7B8F8D1DDF60DB00E02F34 /* ticTacToeUITests.xctest */ = {isa = PBXFileReference; explicitFileType = wrapper.cfbundle; includeInIndex = 0; path = ticTacToeUITests.xctest; sourceTree = BUILT_PRODUCTS_DIR; };
		3F7B8F911DDF60DB00E02F34 /* ticTacToeUITests.swift */ = {isa = PBXFileReference; lastKnownFileType = sourcecode.swift; path = ticTacToeUITests.swift; sourceTree = "<group>"; };
		3F7B8F931DDF60DB00E02F34 /* Info.plist */ = {isa = PBXFileReference; lastKnownFileType = text.plist.xml; path = Info.plist; sourceTree = "<group>"; };
		3F7B8F9F1DDF645F00E02F34 /* GridLabel.swift */ = {isa = PBXFileReference; fileEncoding = 4; lastKnownFileType = sourcecode.swift; path = GridLabel.swift; sourceTree = "<group>"; };
/* End PBXFileReference section */

/* Begin PBXFrameworksBuildPhase section */
		3F7B8F6B1DDF60DB00E02F34 /* Frameworks */ = {
			isa = PBXFrameworksBuildPhase;
			buildActionMask = 2147483647;
			files = (
			);
			runOnlyForDeploymentPostprocessing = 0;
		};
		3F7B8F7F1DDF60DB00E02F34 /* Frameworks */ = {
			isa = PBXFrameworksBuildPhase;
			buildActionMask = 2147483647;
			files = (
			);
			runOnlyForDeploymentPostprocessing = 0;
		};
		3F7B8F8A1DDF60DB00E02F34 /* Frameworks */ = {
			isa = PBXFrameworksBuildPhase;
			buildActionMask = 2147483647;
			files = (
			);
			runOnlyForDeploymentPostprocessing = 0;
		};
/* End PBXFrameworksBuildPhase section */

/* Begin PBXGroup section */
		3F7B8F651DDF60DB00E02F34 = {
			isa = PBXGroup;
			children = (
				3F7B8F701DDF60DB00E02F34 /* ticTacToe */,
				3F7B8F851DDF60DB00E02F34 /* ticTacToeTests */,
				3F7B8F901DDF60DB00E02F34 /* ticTacToeUITests */,
				3F7B8F6F1DDF60DB00E02F34 /* Products */,
			);
			sourceTree = "<group>";
		};
		3F7B8F6F1DDF60DB00E02F34 /* Products */ = {
			isa = PBXGroup;
			children = (
				3F7B8F6E1DDF60DB00E02F34 /* ticTacToe.app */,
				3F7B8F821DDF60DB00E02F34 /* ticTacToeTests.xctest */,
				3F7B8F8D1DDF60DB00E02F34 /* ticTacToeUITests.xctest */,
			);
			name = Products;
			sourceTree = "<group>";
		};
		3F7B8F701DDF60DB00E02F34 /* ticTacToe */ = {
			isa = PBXGroup;
			children = (
				3F7B8F711DDF60DB00E02F34 /* AppDelegate.swift */,
				3F7B8F731DDF60DB00E02F34 /* ViewController.swift */,
				3F7B8F751DDF60DB00E02F34 /* Main.storyboard */,
				3F7B8F9F1DDF645F00E02F34 /* GridLabel.swift */,
				3F7B8F781DDF60DB00E02F34 /* Assets.xcassets */,
				3F7B8F7A1DDF60DB00E02F34 /* LaunchScreen.storyboard */,
				3F7B8F7D1DDF60DB00E02F34 /* Info.plist */,
			);
			path = ticTacToe;
			sourceTree = "<group>";
		};
		3F7B8F851DDF60DB00E02F34 /* ticTacToeTests */ = {
			isa = PBXGroup;
			children = (
				3F7B8F861DDF60DB00E02F34 /* ticTacToeTests.swift */,
				3F7B8F881DDF60DB00E02F34 /* Info.plist */,
			);
			path = ticTacToeTests;
			sourceTree = "<group>";
		};
		3F7B8F901DDF60DB00E02F34 /* ticTacToeUITests */ = {
			isa = PBXGroup;
			children = (
				3F7B8F911DDF60DB00E02F34 /* ticTacToeUITests.swift */,
				3F7B8F931DDF60DB00E02F34 /* Info.plist */,
			);
			path = ticTacToeUITests;
			sourceTree = "<group>";
		};
/* End PBXGroup section */

/* Begin PBXNativeTarget section */
		3F7B8F6D1DDF60DB00E02F34 /* ticTacToe */ = {
			isa = PBXNativeTarget;
			buildConfigurationList = 3F7B8F961DDF60DB00E02F34 /* Build configuration list for PBXNativeTarget "ticTacToe" */;
			buildPhases = (
				3F7B8F6A1DDF60DB00E02F34 /* Sources */,
				3F7B8F6B1DDF60DB00E02F34 /* Frameworks */,
				3F7B8F6C1DDF60DB00E02F34 /* Resources */,
			);
			buildRules = (
			);
			dependencies = (
			);
			name = ticTacToe;
			productName = ticTacToe;
			productReference = 3F7B8F6E1DDF60DB00E02F34 /* ticTacToe.app */;
			productType = "com.apple.product-type.application";
		};
		3F7B8F811DDF60DB00E02F34 /* ticTacToeTests */ = {
			isa = PBXNativeTarget;
			buildConfigurationList = 3F7B8F991DDF60DB00E02F34 /* Build configuration list for PBXNativeTarget "ticTacToeTests" */;
			buildPhases = (
				3F7B8F7E1DDF60DB00E02F34 /* Sources */,
				3F7B8F7F1DDF60DB00E02F34 /* Frameworks */,
				3F7B8F801DDF60DB00E02F34 /* Resources */,
			);
			buildRules = (
			);
			dependencies = (
				3F7B8F841DDF60DB00E02F34 /* PBXTargetDependency */,
			);
			name = ticTacToeTests;
			productName = ticTacToeTests;
			productReference = 3F7B8F821DDF60DB00E02F34 /* ticTacToeTests.xctest */;
			productType = "com.apple.product-type.bundle.unit-test";
		};
		3F7B8F8C1DDF60DB00E02F34 /* ticTacToeUITests */ = {
			isa = PBXNativeTarget;
			buildConfigurationList = 3F7B8F9C1DDF60DB00E02F34 /* Build configuration list for PBXNativeTarget "ticTacToeUITests" */;
			buildPhases = (
				3F7B8F891DDF60DB00E02F34 /* Sources */,
				3F7B8F8A1DDF60DB00E02F34 /* Frameworks */,
				3F7B8F8B1DDF60DB00E02F34 /* Resources */,
			);
			buildRules = (
			);
			dependencies = (
				3F7B8F8F1DDF60DB00E02F34 /* PBXTargetDependency */,
			);
			name = ticTacToeUITests;
			productName = ticTacToeUITests;
			productReference = 3F7B8F8D1DDF60DB00E02F34 /* ticTacToeUITests.xctest */;
			productType = "com.apple.product-type.bundle.ui-testing";
		};
/* End PBXNativeTarget section */

/* Begin PBXProject section */
		3F7B8F661DDF60DB00E02F34 /* Project object */ = {
			isa = PBXProject;
			attributes = {
				LastSwiftUpdateCheck = 0810;
				LastUpgradeCheck = 0810;
				ORGANIZATIONNAME = Student;
				TargetAttributes = {
					3F7B8F6D1DDF60DB00E02F34 = {
						CreatedOnToolsVersion = 8.1;
						ProvisioningStyle = Automatic;
					};
					3F7B8F811DDF60DB00E02F34 = {
						CreatedOnToolsVersion = 8.1;
						ProvisioningStyle = Automatic;
						TestTargetID = 3F7B8F6D1DDF60DB00E02F34;
					};
					3F7B8F8C1DDF60DB00E02F34 = {
						CreatedOnToolsVersion = 8.1;
						ProvisioningStyle = Automatic;
						TestTargetID = 3F7B8F6D1DDF60DB00E02F34;
					};
				};
			};
			buildConfigurationList = 3F7B8F691DDF60DB00E02F34 /* Build configuration list for PBXProject "ticTacToe" */;
			compatibilityVersion = "Xcode 3.2";
			developmentRegion = English;
			hasScannedForEncodings = 0;
			knownRegions = (
				en,
				Base,
			);
			mainGroup = 3F7B8F651DDF60DB00E02F34;
			productRefGroup = 3F7B8F6F1DDF60DB00E02F34 /* Products */;
			projectDirPath = "";
			projectRoot = "";
			targets = (
				3F7B8F6D1DDF60DB00E02F34 /* ticTacToe */,
				3F7B8F811DDF60DB00E02F34 /* ticTacToeTests */,
				3F7B8F8C1DDF60DB00E02F34 /* ticTacToeUITests */,
			);
		};
/* End PBXProject section */

/* Begin PBXResourcesBuildPhase section */
		3F7B8F6C1DDF60DB00E02F34 /* Resources */ = {
			isa = PBXResourcesBuildPhase;
			buildActionMask = 2147483647;
			files = (
				3F7B8F7C1DDF60DB00E02F34 /* LaunchScreen.storyboard in Resources */,
				3F7B8F791DDF60DB00E02F34 /* Assets.xcassets in Resources */,
				3F7B8F771DDF60DB00E02F34 /* Main.storyboard in Resources */,
			);
			runOnlyForDeploymentPostprocessing = 0;
		};
		3F7B8F801DDF60DB00E02F34 /* Resources */ = {
			isa = PBXResourcesBuildPhase;
			buildActionMask = 2147483647;
			files = (
			);
			runOnlyForDeploymentPostprocessing = 0;
		};
		3F7B8F8B1DDF60DB00E02F34 /* Resources */ = {
			isa = PBXResourcesBuildPhase;
			buildActionMask = 2147483647;
			files = (
			);
			runOnlyForDeploymentPostprocessing = 0;
		};
/* End PBXResourcesBuildPhase section */

/* Begin PBXSourcesBuildPhase section */
		3F7B8F6A1DDF60DB00E02F34 /* Sources */ = {
			isa = PBXSourcesBuildPhase;
			buildActionMask = 2147483647;
			files = (
				3F7B8FA01DDF645F00E02F34 /* GridLabel.swift in Sources */,
				3F7B8F741DDF60DB00E02F34 /* ViewController.swift in Sources */,
				3F7B8F721DDF60DB00E02F34 /* AppDelegate.swift in Sources */,
			);
			runOnlyForDeploymentPostprocessing = 0;
		};
		3F7B8F7E1DDF60DB00E02F34 /* Sources */ = {
			isa = PBXSourcesBuildPhase;
			buildActionMask = 2147483647;
			files = (
				3F7B8F871DDF60DB00E02F34 /* ticTacToeTests.swift in Sources */,
			);
			runOnlyForDeploymentPostprocessing = 0;
		};
		3F7B8F891DDF60DB00E02F34 /* Sources */ = {
			isa = PBXSourcesBuildPhase;
			buildActionMask = 2147483647;
			files = (
				3F7B8F921DDF60DB00E02F34 /* ticTacToeUITests.swift in Sources */,
			);
			runOnlyForDeploymentPostprocessing = 0;
		};
/* End PBXSourcesBuildPhase section */

/* Begin PBXTargetDependency section */
		3F7B8F841DDF60DB00E02F34 /* PBXTargetDependency */ = {
			isa = PBXTargetDependency;
			target = 3F7B8F6D1DDF60DB00E02F34 /* ticTacToe */;
			targetProxy = 3F7B8F831DDF60DB00E02F34 /* PBXContainerItemProxy */;
		};
		3F7B8F8F1DDF60DB00E02F34 /* PBXTargetDependency */ = {
			isa = PBXTargetDependency;
			target = 3F7B8F6D1DDF60DB00E02F34 /* ticTacToe */;
			targetProxy = 3F7B8F8E1DDF60DB00E02F34 /* PBXContainerItemProxy */;
		};
/* End PBXTargetDependency section */

/* Begin PBXVariantGroup section */
		3F7B8F751DDF60DB00E02F34 /* Main.storyboard */ = {
			isa = PBXVariantGroup;
			children = (
				3F7B8F761DDF60DB00E02F34 /* Base */,
			);
			name = Main.storyboard;
			sourceTree = "<group>";
		};
		3F7B8F7A1DDF60DB00E02F34 /* LaunchScreen.storyboard */ = {
			isa = PBXVariantGroup;
			children = (
				3F7B8F7B1DDF60DB00E02F34 /* Base */,
			);
			name = LaunchScreen.storyboard;
			sourceTree = "<group>";
		};
/* End PBXVariantGroup section */

/* Begin XCBuildConfiguration section */
		3F7B8F941DDF60DB00E02F34 /* Debug */ = {
			isa = XCBuildConfiguration;
			buildSettings = {
				ALWAYS_SEARCH_USER_PATHS = NO;
				CLANG_ANALYZER_NONNULL = YES;
				CLANG_CXX_LANGUAGE_STANDARD = "gnu++0x";
				CLANG_CXX_LIBRARY = "libc++";
				CLANG_ENABLE_MODULES = YES;
				CLANG_ENABLE_OBJC_ARC = YES;
				CLANG_WARN_BOOL_CONVERSION = YES;
				CLANG_WARN_CONSTANT_CONVERSION = YES;
				CLANG_WARN_DIRECT_OBJC_ISA_USAGE = YES_ERROR;
				CLANG_WARN_DOCUMENTATION_COMMENTS = YES;
				CLANG_WARN_EMPTY_BODY = YES;
				CLANG_WARN_ENUM_CONVERSION = YES;
				CLANG_WARN_INFINITE_RECURSION = YES;
				CLANG_WARN_INT_CONVERSION = YES;
				CLANG_WARN_OBJC_ROOT_CLASS = YES_ERROR;
				CLANG_WARN_SUSPICIOUS_MOVES = YES;
				CLANG_WARN_UNREACHABLE_CODE = YES;
				CLANG_WARN__DUPLICATE_METHOD_MATCH = YES;
				"CODE_SIGN_IDENTITY[sdk=iphoneos*]" = "iPhone Developer";
				COPY_PHASE_STRIP = NO;
				DEBUG_INFORMATION_FORMAT = dwarf;
				ENABLE_STRICT_OBJC_MSGSEND = YES;
				ENABLE_TESTABILITY = YES;
				GCC_C_LANGUAGE_STANDARD = gnu99;
				GCC_DYNAMIC_NO_PIC = NO;
				GCC_NO_COMMON_BLOCKS = YES;
				GCC_OPTIMIZATION_LEVEL = 0;
				GCC_PREPROCESSOR_DEFINITIONS = (
					"DEBUG=1",
					"$(inherited)",
				);
				GCC_WARN_64_TO_32_BIT_CONVERSION = YES;
				GCC_WARN_ABOUT_RETURN_TYPE = YES_ERROR;
				GCC_WARN_UNDECLARED_SELECTOR = YES;
				GCC_WARN_UNINITIALIZED_AUTOS = YES_AGGRESSIVE;
				GCC_WARN_UNUSED_FUNCTION = YES;
				GCC_WARN_UNUSED_VARIABLE = YES;
				IPHONEOS_DEPLOYMENT_TARGET = 10.1;
				MTL_ENABLE_DEBUG_INFO = YES;
				ONLY_ACTIVE_ARCH = YES;
				SDKROOT = iphoneos;
				SWIFT_ACTIVE_COMPILATION_CONDITIONS = DEBUG;
				SWIFT_OPTIMIZATION_LEVEL = "-Onone";
				TARGETED_DEVICE_FAMILY = "1,2";
			};
			name = Debug;
		};
		3F7B8F951DDF60DB00E02F34 /* Release */ = {
			isa = XCBuildConfiguration;
			buildSettings = {
				ALWAYS_SEARCH_USER_PATHS = NO;
				CLANG_ANALYZER_NONNULL = YES;
				CLANG_CXX_LANGUAGE_STANDARD = "gnu++0x";
				CLANG_CXX_LIBRARY = "libc++";
				CLANG_ENABLE_MODULES = YES;
				CLANG_ENABLE_OBJC_ARC = YES;
				CLANG_WARN_BOOL_CONVERSION = YES;
				CLANG_WARN_CONSTANT_CONVERSION = YES;
				CLANG_WARN_DIRECT_OBJC_ISA_USAGE = YES_ERROR;
				CLANG_WARN_DOCUMENTATION_COMMENTS = YES;
				CLANG_WARN_EMPTY_BODY = YES;
				CLANG_WARN_ENUM_CONVERSION = YES;
				CLANG_WARN_INFINITE_RECURSION = YES;
				CLANG_WARN_INT_CONVERSION = YES;
				CLANG_WARN_OBJC_ROOT_CLASS = YES_ERROR;
				CLANG_WARN_SUSPICIOUS_MOVES = YES;
				CLANG_WARN_UNREACHABLE_CODE = YES;
				CLANG_WARN__DUPLICATE_METHOD_MATCH = YES;
				"CODE_SIGN_IDENTITY[sdk=iphoneos*]" = "iPhone Developer";
				COPY_PHASE_STRIP = NO;
				DEBUG_INFORMATION_FORMAT = "dwarf-with-dsym";
				ENABLE_NS_ASSERTIONS = NO;
				ENABLE_STRICT_OBJC_MSGSEND = YES;
				GCC_C_LANGUAGE_STANDARD = gnu99;
				GCC_NO_COMMON_BLOCKS = YES;
				GCC_WARN_64_TO_32_BIT_CONVERSION = YES;
				GCC_WARN_ABOUT_RETURN_TYPE = YES_ERROR;
				GCC_WARN_UNDECLARED_SELECTOR = YES;
				GCC_WARN_UNINITIALIZED_AUTOS = YES_AGGRESSIVE;
				GCC_WARN_UNUSED_FUNCTION = YES;
				GCC_WARN_UNUSED_VARIABLE = YES;
				IPHONEOS_DEPLOYMENT_TARGET = 10.1;
				MTL_ENABLE_DEBUG_INFO = NO;
				SDKROOT = iphoneos;
				SWIFT_OPTIMIZATION_LEVEL = "-Owholemodule";
				TARGETED_DEVICE_FAMILY = "1,2";
				VALIDATE_PRODUCT = YES;
			};
			name = Release;
		};
		3F7B8F971DDF60DB00E02F34 /* Debug */ = {
			isa = XCBuildConfiguration;
			buildSettings = {
				ASSETCATALOG_COMPILER_APPICON_NAME = AppIcon;
				INFOPLIST_FILE = ticTacToe/Info.plist;
				LD_RUNPATH_SEARCH_PATHS = "$(inherited) @executable_path/Frameworks";
				PRODUCT_BUNDLE_IDENTIFIER = bhs.ticTacToe;
				PRODUCT_NAME = "$(TARGET_NAME)";
				SWIFT_VERSION = 3.0;
			};
			name = Debug;
		};
		3F7B8F981DDF60DB00E02F34 /* Release */ = {
			isa = XCBuildConfiguration;
			buildSettings = {
				ASSETCATALOG_COMPILER_APPICON_NAME = AppIcon;
				INFOPLIST_FILE = ticTacToe/Info.plist;
				LD_RUNPATH_SEARCH_PATHS = "$(inherited) @executable_path/Frameworks";
				PRODUCT_BUNDLE_IDENTIFIER = bhs.ticTacToe;
				PRODUCT_NAME = "$(TARGET_NAME)";
				SWIFT_VERSION = 3.0;
			};
			name = Release;
		};
		3F7B8F9A1DDF60DB00E02F34 /* Debug */ = {
			isa = XCBuildConfiguration;
			buildSettings = {
				ALWAYS_EMBED_SWIFT_STANDARD_LIBRARIES = YES;
				BUNDLE_LOADER = "$(TEST_HOST)";
				INFOPLIST_FILE = ticTacToeTests/Info.plist;
				LD_RUNPATH_SEARCH_PATHS = "$(inherited) @executable_path/Frameworks @loader_path/Frameworks";
				PRODUCT_BUNDLE_IDENTIFIER = bhs.ticTacToeTests;
				PRODUCT_NAME = "$(TARGET_NAME)";
				SWIFT_VERSION = 3.0;
				TEST_HOST = "$(BUILT_PRODUCTS_DIR)/ticTacToe.app/ticTacToe";
			};
			name = Debug;
		};
		3F7B8F9B1DDF60DB00E02F34 /* Release */ = {
			isa = XCBuildConfiguration;
			buildSettings = {
				ALWAYS_EMBED_SWIFT_STANDARD_LIBRARIES = YES;
				BUNDLE_LOADER = "$(TEST_HOST)";
				INFOPLIST_FILE = ticTacToeTests/Info.plist;
				LD_RUNPATH_SEARCH_PATHS = "$(inherited) @executable_path/Frameworks @loader_path/Frameworks";
				PRODUCT_BUNDLE_IDENTIFIER = bhs.ticTacToeTests;
				PRODUCT_NAME = "$(TARGET_NAME)";
				SWIFT_VERSION = 3.0;
				TEST_HOST = "$(BUILT_PRODUCTS_DIR)/ticTacToe.app/ticTacToe";
			};
			name = Release;
		};
		3F7B8F9D1DDF60DB00E02F34 /* Debug */ = {
			isa = XCBuildConfiguration;
			buildSettings = {
				ALWAYS_EMBED_SWIFT_STANDARD_LIBRARIES = YES;
				INFOPLIST_FILE = ticTacToeUITests/Info.plist;
				LD_RUNPATH_SEARCH_PATHS = "$(inherited) @executable_path/Frameworks @loader_path/Frameworks";
				PRODUCT_BUNDLE_IDENTIFIER = bhs.ticTacToeUITests;
				PRODUCT_NAME = "$(TARGET_NAME)";
				SWIFT_VERSION = 3.0;
				TEST_TARGET_NAME = ticTacToe;
			};
			name = Debug;
		};
		3F7B8F9E1DDF60DB00E02F34 /* Release */ = {
			isa = XCBuildConfiguration;
			buildSettings = {
				ALWAYS_EMBED_SWIFT_STANDARD_LIBRARIES = YES;
				INFOPLIST_FILE = ticTacToeUITests/Info.plist;
				LD_RUNPATH_SEARCH_PATHS = "$(inherited) @executable_path/Frameworks @loader_path/Frameworks";
				PRODUCT_BUNDLE_IDENTIFIER = bhs.ticTacToeUITests;
				PRODUCT_NAME = "$(TARGET_NAME)";
				SWIFT_VERSION = 3.0;
				TEST_TARGET_NAME = ticTacToe;
			};
			name = Release;
		};
/* End XCBuildConfiguration section */

/* Begin XCConfigurationList section */
		3F7B8F691DDF60DB00E02F34 /* Build configuration list for PBXProject "ticTacToe" */ = {
			isa = XCConfigurationList;
			buildConfigurations = (
				3F7B8F941DDF60DB00E02F34 /* Debug */,
				3F7B8F951DDF60DB00E02F34 /* Release */,
			);
			defaultConfigurationIsVisible = 0;
			defaultConfigurationName = Release;
		};
		3F7B8F961DDF60DB00E02F34 /* Build configuration list for PBXNativeTarget "ticTacToe" */ = {
			isa = XCConfigurationList;
			buildConfigurations = (
				3F7B8F971DDF60DB00E02F34 /* Debug */,
				3F7B8F981DDF60DB00E02F34 /* Release */,
			);
			defaultConfigurationIsVisible = 0;
		};
		3F7B8F991DDF60DB00E02F34 /* Build configuration list for PBXNativeTarget "ticTacToeTests" */ = {
			isa = XCConfigurationList;
			buildConfigurations = (
				3F7B8F9A1DDF60DB00E02F34 /* Debug */,
				3F7B8F9B1DDF60DB00E02F34 /* Release */,
			);
			defaultConfigurationIsVisible = 0;
		};
		3F7B8F9C1DDF60DB00E02F34 /* Build configuration list for PBXNativeTarget "ticTacToeUITests" */ = {
			isa = XCConfigurationList;
			buildConfigurations = (
				3F7B8F9D1DDF60DB00E02F34 /* Debug */,
				3F7B8F9E1DDF60DB00E02F34 /* Release */,
			);
			defaultConfigurationIsVisible = 0;
		};
/* End XCConfigurationList section */
	};
	rootObject = 3F7B8F661DDF60DB00E02F34 /* Project object */;
}
